
Microsoft Visual Studio Solution File, Format Version 12.00
# Visual Studio 15
VisualStudioVersion = 15.0.27130.2036
MinimumVisualStudioVersion = 10.0.40219.1
Project("{9A19103F-16F7-4668-BE54-9A1E7A4F7556}") = "Elastic.Search.Web", "src\Elastic.Search.Web\Elastic.Search.Web.csproj", "{CA98A81C-7B47-4C5E-BA3E-7F7CF88F1E5B}"
EndProject
Project("{9A19103F-16F7-4668-BE54-9A1E7A4F7556}") = "Elastic.Search.Core", "src\Elastic.Search.Core\Elastic.Search.Core.csproj", "{70AF1C1B-5C81-440A-A04A-A6E5D2EC88A2}"
EndProject
Project("{9A19103F-16F7-4668-BE54-9A1E7A4F7556}") = "Elastic.Search.Job", "src\Elastic.Search.Job\Elastic.Search.Job.csproj", "{87AE2A78-DF5A-4616-A699-50B491CC3838}"
EndProject
Global
	GlobalSection(SolutionConfigurationPlatforms) = preSolution
		Debug|Any CPU = Debug|Any CPU
		Release|Any CPU = Release|Any CPU
	EndGlobalSection
	GlobalSection(ProjectConfigurationPlatforms) = postSolution
		{CA98A81C-7B47-4C5E-BA3E-7F7CF88F1E5B}.Debug|Any CPU.ActiveCfg = Debug|Any CPU
		{CA98A81C-7B47-4C5E-BA3E-7F7CF88F1E5B}.Debug|Any CPU.Build.0 = Debug|Any CPU
		{CA98A81C-7B47-4C5E-BA3E-7F7CF88F1E5B}.Release|Any CPU.ActiveCfg = Release|Any CPU
		{CA98A81C-7B47-4C5E-BA3E-7F7CF88F1E5B}.Release|Any CPU.Build.0 = Release|Any CPU
		{70AF1C1B-5C81-440A-A04A-A6E5D2EC88A2}.Debug|Any CPU.ActiveCfg = Debug|Any CPU
		{70AF1C1B-5C81-440A-A04A-A6E5D2EC88A2}.Debug|Any CPU.Build.0 = Debug|Any CPU
		{70AF1C1B-5C81-440A-A04A-A6E5D2EC88A2}.Release|Any CPU.ActiveCfg = Release|Any CPU
		{70AF1C1B-5C81-440A-A04A-A6E5D2EC88A2}.Release|Any CPU.Build.0 = Release|Any CPU
		{87AE2A78-DF5A-4616-A699-50B491CC3838}.Debug|Any CPU.ActiveCfg = Debug|Any CPU
		{87AE2A78-DF5A-4616-A699-50B491CC3838}.Debug|Any CPU.Build.0 = Debug|Any CPU
		{87AE2A78-DF5A-4616-A699-50B491CC3838}.Release|Any CPU.ActiveCfg = Release|Any CPU
		{87AE2A78-DF5A-4616-A699-50B491CC3838}.Release|Any CPU.Build.0 = Release|Any CPU
	EndGlobalSection
	GlobalSection(SolutionProperties) = preSolution
		HideSolutionNode = FALSE
	EndGlobalSection
	GlobalSection(ExtensibilityGlobals) = postSolution
		SolutionGuid = {F8BCBEC0-F3A5-4545-97C9-50A7A9180477}
	EndGlobalSection
EndGlobal
